// !$*UTF8*$!
{
	archiveVersion = 1;
	classes = {
	};
	objectVersion = 56;
	objects = {

/* Begin PBXBuildFile section */
		5216A5D32BE89FA50027CCF1 /* MyNetworkScreen.swift in Sources */ = {isa = PBXBuildFile; fileRef = 5216A5D22BE89FA50027CCF1 /* MyNetworkScreen.swift */; };
		5216A5D52BE8AE700027CCF1 /* PostCardView.swift in Sources */ = {isa = PBXBuildFile; fileRef = 5216A5D42BE8AE700027CCF1 /* PostCardView.swift */; };
		52759FDD2BE7795900E42208 /* LinkedInCloneApp.swift in Sources */ = {isa = PBXBuildFile; fileRef = 52759FDC2BE7795900E42208 /* LinkedInCloneApp.swift */; };
		52759FDF2BE7795900E42208 /* ContentView.swift in Sources */ = {isa = PBXBuildFile; fileRef = 52759FDE2BE7795900E42208 /* ContentView.swift */; };
		52759FE12BE7795A00E42208 /* Assets.xcassets in Resources */ = {isa = PBXBuildFile; fileRef = 52759FE02BE7795A00E42208 /* Assets.xcassets */; };
		52759FE42BE7795A00E42208 /* Preview Assets.xcassets in Resources */ = {isa = PBXBuildFile; fileRef = 52759FE32BE7795A00E42208 /* Preview Assets.xcassets */; };
		52759FEC2BE77AF700E42208 /* SearchBar.swift in Sources */ = {isa = PBXBuildFile; fileRef = 52759FEB2BE77AF700E42208 /* SearchBar.swift */; };
		52759FEF2BE77EF300E42208 /* PostModel.swift in Sources */ = {isa = PBXBuildFile; fileRef = 52759FEE2BE77EF300E42208 /* PostModel.swift */; };
		52759FF12BE77F1300E42208 /* NetworkModel.swift in Sources */ = {isa = PBXBuildFile; fileRef = 52759FF02BE77F1300E42208 /* NetworkModel.swift */; };
		52759FF32BE7804300E42208 /* InvitationView.swift in Sources */ = {isa = PBXBuildFile; fileRef = 52759FF22BE7804300E42208 /* InvitationView.swift */; };
		52A7CEB92BE8C549005E9D6F /* ProfileAndPostView.swift in Sources */ = {isa = PBXBuildFile; fileRef = 52A7CEB82BE8C549005E9D6F /* ProfileAndPostView.swift */; };
		52A7CEBB2BE8C857005E9D6F /* PostView.swift in Sources */ = {isa = PBXBuildFile; fileRef = 52A7CEBA2BE8C857005E9D6F /* PostView.swift */; };
		52A7CEBD2BE8CD02005E9D6F /* HomeScreen.swift in Sources */ = {isa = PBXBuildFile; fileRef = 52A7CEBC2BE8CD02005E9D6F /* HomeScreen.swift */; };
		52A7CEBF2BE8CEB4005E9D6F /* TabView.swift in Sources */ = {isa = PBXBuildFile; fileRef = 52A7CEBE2BE8CEB4005E9D6F /* TabView.swift */; };
/* End PBXBuildFile section */

/* Begin PBXFileReference section */
		5216A5D22BE89FA50027CCF1 /* MyNetworkScreen.swift */ = {isa = PBXFileReference; lastKnownFileType = sourcecode.swift; path = MyNetworkScreen.swift; sourceTree = "<group>"; };
		5216A5D42BE8AE700027CCF1 /* PostCardView.swift */ = {isa = PBXFileReference; lastKnownFileType = sourcecode.swift; path = PostCardView.swift; sourceTree = "<group>"; };
		52759FD92BE7795900E42208 /* LinkedInClone.app */ = {isa = PBXFileReference; explicitFileType = wrapper.application; includeInIndex = 0; path = LinkedInClone.app; sourceTree = BUILT_PRODUCTS_DIR; };
		52759FDC2BE7795900E42208 /* LinkedInCloneApp.swift */ = {isa = PBXFileReference; lastKnownFileType = sourcecode.swift; path = LinkedInCloneApp.swift; sourceTree = "<group>"; };
		52759FDE2BE7795900E42208 /* ContentView.swift */ = {isa = PBXFileReference; lastKnownFileType = sourcecode.swift; path = ContentView.swift; sourceTree = "<group>"; };
		52759FE02BE7795A00E42208 /* Assets.xcassets */ = {isa = PBXFileReference; lastKnownFileType = folder.assetcatalog; path = Assets.xcassets; sourceTree = "<group>"; };
		52759FE32BE7795A00E42208 /* Preview Assets.xcassets */ = {isa = PBXFileReference; lastKnownFileType = folder.assetcatalog; path = "Preview Assets.xcassets"; sourceTree = "<group>"; };
		52759FEB2BE77AF700E42208 /* SearchBar.swift */ = {isa = PBXFileReference; lastKnownFileType = sourcecode.swift; path = SearchBar.swift; sourceTree = "<group>"; };
		52759FEE2BE77EF300E42208 /* PostModel.swift */ = {isa = PBXFileReference; lastKnownFileType = sourcecode.swift; path = PostModel.swift; sourceTree = "<group>"; };
		52759FF02BE77F1300E42208 /* NetworkModel.swift */ = {isa = PBXFileReference; lastKnownFileType = sourcecode.swift; path = NetworkModel.swift; sourceTree = "<group>"; };
		52759FF22BE7804300E42208 /* InvitationView.swift */ = {isa = PBXFileReference; lastKnownFileType = sourcecode.swift; path = InvitationView.swift; sourceTree = "<group>"; };
		52A7CEB82BE8C549005E9D6F /* ProfileAndPostView.swift */ = {isa = PBXFileReference; lastKnownFileType = sourcecode.swift; path = ProfileAndPostView.swift; sourceTree = "<group>"; };
		52A7CEBA2BE8C857005E9D6F /* PostView.swift */ = {isa = PBXFileReference; lastKnownFileType = sourcecode.swift; path = PostView.swift; sourceTree = "<group>"; };
		52A7CEBC2BE8CD02005E9D6F /* HomeScreen.swift */ = {isa = PBXFileReference; lastKnownFileType = sourcecode.swift; path = HomeScreen.swift; sourceTree = "<group>"; };
		52A7CEBE2BE8CEB4005E9D6F /* TabView.swift */ = {isa = PBXFileReference; lastKnownFileType = sourcecode.swift; path = TabView.swift; sourceTree = "<group>"; };
/* End PBXFileReference section */

/* Begin PBXFrameworksBuildPhase section */
		52759FD62BE7795900E42208 /* Frameworks */ = {
			isa = PBXFrameworksBuildPhase;
			buildActionMask = 2147483647;
			files = (
			);
			runOnlyForDeploymentPostprocessing = 0;
		};
/* End PBXFrameworksBuildPhase section */

/* Begin PBXGroup section */
		52759FD02BE7795900E42208 = {
			isa = PBXGroup;
			children = (
				52759FDB2BE7795900E42208 /* LinkedInClone */,
				52759FDA2BE7795900E42208 /* Products */,
			);
			sourceTree = "<group>";
		};
		52759FDA2BE7795900E42208 /* Products */ = {
			isa = PBXGroup;
			children = (
				52759FD92BE7795900E42208 /* LinkedInClone.app */,
			);
			name = Products;
			sourceTree = "<group>";
		};
		52759FDB2BE7795900E42208 /* LinkedInClone */ = {
			isa = PBXGroup;
			children = (
				52759FED2BE77EC200E42208 /* Models */,
				52759FDC2BE7795900E42208 /* LinkedInCloneApp.swift */,
				52759FDE2BE7795900E42208 /* ContentView.swift */,
				52759FE02BE7795A00E42208 /* Assets.xcassets */,
				52759FEA2BE77ACE00E42208 /* Views */,
				52759FE22BE7795A00E42208 /* Preview Content */,
			);
			path = LinkedInClone;
			sourceTree = "<group>";
		};
		52759FE22BE7795A00E42208 /* Preview Content */ = {
			isa = PBXGroup;
			children = (
				52759FE32BE7795A00E42208 /* Preview Assets.xcassets */,
			);
			path = "Preview Content";
			sourceTree = "<group>";
		};
		52759FEA2BE77ACE00E42208 /* Views */ = {
			isa = PBXGroup;
			children = (
				52759FEB2BE77AF700E42208 /* SearchBar.swift */,
				52759FF22BE7804300E42208 /* InvitationView.swift */,
				5216A5D22BE89FA50027CCF1 /* MyNetworkScreen.swift */,
				5216A5D42BE8AE700027CCF1 /* PostCardView.swift */,
				52A7CEB82BE8C549005E9D6F /* ProfileAndPostView.swift */,
				52A7CEBA2BE8C857005E9D6F /* PostView.swift */,
				52A7CEBC2BE8CD02005E9D6F /* HomeScreen.swift */,
				52A7CEBE2BE8CEB4005E9D6F /* TabView.swift */,
			);
			path = Views;
			sourceTree = "<group>";
		};
		52759FED2BE77EC200E42208 /* Models */ = {
			isa = PBXGroup;
			children = (
				52759FEE2BE77EF300E42208 /* PostModel.swift */,
				52759FF02BE77F1300E42208 /* NetworkModel.swift */,
			);
			path = Models;
			sourceTree = "<group>";
		};
/* End PBXGroup section */

/* Begin PBXNativeTarget section */
		52759FD82BE7795900E42208 /* LinkedInClone */ = {
			isa = PBXNativeTarget;
			buildConfigurationList = 52759FE72BE7795A00E42208 /* Build configuration list for PBXNativeTarget "LinkedInClone" */;
			buildPhases = (
				52759FD52BE7795900E42208 /* Sources */,
				52759FD62BE7795900E42208 /* Frameworks */,
				52759FD72BE7795900E42208 /* Resources */,
			);
			buildRules = (
			);
			dependencies = (
			);
			name = LinkedInClone;
			productName = LinkedInClone;
			productReference = 52759FD92BE7795900E42208 /* LinkedInClone.app */;
			productType = "com.apple.product-type.application";
		};
/* End PBXNativeTarget section */

/* Begin PBXProject section */
		52759FD12BE7795900E42208 /* Project object */ = {
			isa = PBXProject;
			attributes = {
				BuildIndependentTargetsInParallel = 1;
				LastSwiftUpdateCheck = 1500;
				LastUpgradeCheck = 1500;
				TargetAttributes = {
					52759FD82BE7795900E42208 = {
						CreatedOnToolsVersion = 15.0.1;
					};
				};
			};
			buildConfigurationList = 52759FD42BE7795900E42208 /* Build configuration list for PBXProject "LinkedInClone" */;
			compatibilityVersion = "Xcode 14.0";
			developmentRegion = en;
			hasScannedForEncodings = 0;
			knownRegions = (
				en,
				Base,
			);
			mainGroup = 52759FD02BE7795900E42208;
			productRefGroup = 52759FDA2BE7795900E42208 /* Products */;
			projectDirPath = "";
			projectRoot = "";
			targets = (
				52759FD82BE7795900E42208 /* LinkedInClone */,
			);
		};
/* End PBXProject section */

/* Begin PBXResourcesBuildPhase section */
		52759FD72BE7795900E42208 /* Resources */ = {
			isa = PBXResourcesBuildPhase;
			buildActionMask = 2147483647;
			files = (
				52759FE42BE7795A00E42208 /* Preview Assets.xcassets in Resources */,
				52759FE12BE7795A00E42208 /* Assets.xcassets in Resources */,
			);
			runOnlyForDeploymentPostprocessing = 0;
		};
/* End PBXResourcesBuildPhase section */

/* Begin PBXSourcesBuildPhase section */
		52759FD52BE7795900E42208 /* Sources */ = {
			isa = PBXSourcesBuildPhase;
			buildActionMask = 2147483647;
			files = (
				5216A5D52BE8AE700027CCF1 /* PostCardView.swift in Sources */,
				52A7CEB92BE8C549005E9D6F /* ProfileAndPostView.swift in Sources */,
				52759FDF2BE7795900E42208 /* ContentView.swift in Sources */,
				52759FEF2BE77EF300E42208 /* PostModel.swift in Sources */,
				52A7CEBD2BE8CD02005E9D6F /* HomeScreen.swift in Sources */,
				52759FDD2BE7795900E42208 /* LinkedInCloneApp.swift in Sources */,
				52759FF12BE77F1300E42208 /* NetworkModel.swift in Sources */,
				52759FEC2BE77AF700E42208 /* SearchBar.swift in Sources */,
				52759FF32BE7804300E42208 /* InvitationView.swift in Sources */,
				52A7CEBB2BE8C857005E9D6F /* PostView.swift in Sources */,
				52A7CEBF2BE8CEB4005E9D6F /* TabView.swift in Sources */,
				5216A5D32BE89FA50027CCF1 /* MyNetworkScreen.swift in Sources */,
			);
			runOnlyForDeploymentPostprocessing = 0;
		};
/* End PBXSourcesBuildPhase section */

/* Begin XCBuildConfiguration section */
		52759FE52BE7795A00E42208 /* Debug */ = {
			isa = XCBuildConfiguration;
			buildSettings = {
				ALWAYS_SEARCH_USER_PATHS = NO;
				ASSETCATALOG_COMPILER_GENERATE_SWIFT_ASSET_SYMBOL_EXTENSIONS = YES;
				CLANG_ANALYZER_NONNULL = YES;
				CLANG_ANALYZER_NUMBER_OBJECT_CONVERSION = YES_AGGRESSIVE;
				CLANG_CXX_LANGUAGE_STANDARD = "gnu++20";
				CLANG_ENABLE_MODULES = YES;
				CLANG_ENABLE_OBJC_ARC = YES;
				CLANG_ENABLE_OBJC_WEAK = YES;
				CLANG_WARN_BLOCK_CAPTURE_AUTORELEASING = YES;
				CLANG_WARN_BOOL_CONVERSION = YES;
				CLANG_WARN_COMMA = YES;
				CLANG_WARN_CONSTANT_CONVERSION = YES;
				CLANG_WARN_DEPRECATED_OBJC_IMPLEMENTATIONS = YES;
				CLANG_WARN_DIRECT_OBJC_ISA_USAGE = YES_ERROR;
				CLANG_WARN_DOCUMENTATION_COMMENTS = YES;
				CLANG_WARN_EMPTY_BODY = YES;
				CLANG_WARN_ENUM_CONVERSION = YES;
				CLANG_WARN_INFINITE_RECURSION = YES;
				CLANG_WARN_INT_CONVERSION = YES;
				CLANG_WARN_NON_LITERAL_NULL_CONVERSION = YES;
				CLANG_WARN_OBJC_IMPLICIT_RETAIN_SELF = YES;
				CLANG_WARN_OBJC_LITERAL_CONVERSION = YES;
				CLANG_WARN_OBJC_ROOT_CLASS = YES_ERROR;
				CLANG_WARN_QUOTED_INCLUDE_IN_FRAMEWORK_HEADER = YES;
				CLANG_WARN_RANGE_LOOP_ANALYSIS = YES;
				CLANG_WARN_STRICT_PROTOTYPES = YES;
				CLANG_WARN_SUSPICIOUS_MOVE = YES;
				CLANG_WARN_UNGUARDED_AVAILABILITY = YES_AGGRESSIVE;
				CLANG_WARN_UNREACHABLE_CODE = YES;
				CLANG_WARN__DUPLICATE_METHOD_MATCH = YES;
				COPY_PHASE_STRIP = NO;
				DEBUG_INFORMATION_FORMAT = dwarf;
				ENABLE_STRICT_OBJC_MSGSEND = YES;
				ENABLE_TESTABILITY = YES;
				ENABLE_USER_SCRIPT_SANDBOXING = YES;
				GCC_C_LANGUAGE_STANDARD = gnu17;
				GCC_DYNAMIC_NO_PIC = NO;
				GCC_NO_COMMON_BLOCKS = YES;
				GCC_OPTIMIZATION_LEVEL = 0;
				GCC_PREPROCESSOR_DEFINITIONS = (
					"DEBUG=1",
					"$(inherited)",
				);
				GCC_WARN_64_TO_32_BIT_CONVERSION = YES;
				GCC_WARN_ABOUT_RETURN_TYPE = YES_ERROR;
				GCC_WARN_UNDECLARED_SELECTOR = YES;
				GCC_WARN_UNINITIALIZED_AUTOS = YES_AGGRESSIVE;
				GCC_WARN_UNUSED_FUNCTION = YES;
				GCC_WARN_UNUSED_VARIABLE = YES;
				IPHONEOS_DEPLOYMENT_TARGET = 17.0;
				LOCALIZATION_PREFERS_STRING_CATALOGS = YES;
				MTL_ENABLE_DEBUG_INFO = INCLUDE_SOURCE;
				MTL_FAST_MATH = YES;
				ONLY_ACTIVE_ARCH = YES;
				SDKROOT = iphoneos;
				SWIFT_ACTIVE_COMPILATION_CONDITIONS = "DEBUG $(inherited)";
				SWIFT_OPTIMIZATION_LEVEL = "-Onone";
			};
			name = Debug;
		};
		52759FE62BE7795A00E42208 /* Release */ = {
			isa = XCBuildConfiguration;
			buildSettings = {
				ALWAYS_SEARCH_USER_PATHS = NO;
				ASSETCATALOG_COMPILER_GENERATE_SWIFT_ASSET_SYMBOL_EXTENSIONS = YES;
				CLANG_ANALYZER_NONNULL = YES;
				CLANG_ANALYZER_NUMBER_OBJECT_CONVERSION = YES_AGGRESSIVE;
				CLANG_CXX_LANGUAGE_STANDARD = "gnu++20";
				CLANG_ENABLE_MODULES = YES;
				CLANG_ENABLE_OBJC_ARC = YES;
				CLANG_ENABLE_OBJC_WEAK = YES;
				CLANG_WARN_BLOCK_CAPTURE_AUTORELEASING = YES;
				CLANG_WARN_BOOL_CONVERSION = YES;
				CLANG_WARN_COMMA = YES;
				CLANG_WARN_CONSTANT_CONVERSION = YES;
				CLANG_WARN_DEPRECATED_OBJC_IMPLEMENTATIONS = YES;
				CLANG_WARN_DIRECT_OBJC_ISA_USAGE = YES_ERROR;
				CLANG_WARN_DOCUMENTATION_COMMENTS = YES;
				CLANG_WARN_EMPTY_BODY = YES;
				CLANG_WARN_ENUM_CONVERSION = YES;
				CLANG_WARN_INFINITE_RECURSION = YES;
				CLANG_WARN_INT_CONVERSION = YES;
				CLANG_WARN_NON_LITERAL_NULL_CONVERSION = YES;
				CLANG_WARN_OBJC_IMPLICIT_RETAIN_SELF = YES;
				CLANG_WARN_OBJC_LITERAL_CONVERSION = YES;
				CLANG_WARN_OBJC_ROOT_CLASS = YES_ERROR;
				CLANG_WARN_QUOTED_INCLUDE_IN_FRAMEWORK_HEADER = YES;
				CLANG_WARN_RANGE_LOOP_ANALYSIS = YES;
				CLANG_WARN_STRICT_PROTOTYPES = YES;
				CLANG_WARN_SUSPICIOUS_MOVE = YES;
				CLANG_WARN_UNGUARDED_AVAILABILITY = YES_AGGRESSIVE;
				CLANG_WARN_UNREACHABLE_CODE = YES;
				CLANG_WARN__DUPLICATE_METHOD_MATCH = YES;
				COPY_PHASE_STRIP = NO;
				DEBUG_INFORMATION_FORMAT = "dwarf-with-dsym";
				ENABLE_NS_ASSERTIONS = NO;
				ENABLE_STRICT_OBJC_MSGSEND = YES;
				ENABLE_USER_SCRIPT_SANDBOXING = YES;
				GCC_C_LANGUAGE_STANDARD = gnu17;
				GCC_NO_COMMON_BLOCKS = YES;
				GCC_WARN_64_TO_32_BIT_CONVERSION = YES;
				GCC_WARN_ABOUT_RETURN_TYPE = YES_ERROR;
				GCC_WARN_UNDECLARED_SELECTOR = YES;
				GCC_WARN_UNINITIALIZED_AUTOS = YES_AGGRESSIVE;
				GCC_WARN_UNUSED_FUNCTION = YES;
				GCC_WARN_UNUSED_VARIABLE = YES;
				IPHONEOS_DEPLOYMENT_TARGET = 17.0;
				LOCALIZATION_PREFERS_STRING_CATALOGS = YES;
				MTL_ENABLE_DEBUG_INFO = NO;
				MTL_FAST_MATH = YES;
				SDKROOT = iphoneos;
				SWIFT_COMPILATION_MODE = wholemodule;
				VALIDATE_PRODUCT = YES;
			};
			name = Release;
		};
		52759FE82BE7795A00E42208 /* Debug */ = {
			isa = XCBuildConfiguration;
			buildSettings = {
				ASSETCATALOG_COMPILER_APPICON_NAME = AppIcon;
				ASSETCATALOG_COMPILER_GLOBAL_ACCENT_COLOR_NAME = AccentColor;
				CODE_SIGN_STYLE = Automatic;
				CURRENT_PROJECT_VERSION = 1;
				DEVELOPMENT_ASSET_PATHS = "\"LinkedInClone/Preview Content\"";
				DEVELOPMENT_TEAM = 38U43S9P8Q;
				ENABLE_PREVIEWS = YES;
				GENERATE_INFOPLIST_FILE = YES;
				INFOPLIST_KEY_UIApplicationSceneManifest_Generation = YES;
				INFOPLIST_KEY_UIApplicationSupportsIndirectInputEvents = YES;
				INFOPLIST_KEY_UILaunchScreen_Generation = YES;
				INFOPLIST_KEY_UISupportedInterfaceOrientations_iPad = "UIInterfaceOrientationPortrait UIInterfaceOrientationPortraitUpsideDown UIInterfaceOrientationLandscapeLeft UIInterfaceOrientationLandscapeRight";
				INFOPLIST_KEY_UISupportedInterfaceOrientations_iPhone = "UIInterfaceOrientationPortrait UIInterfaceOrientationLandscapeLeft UIInterfaceOrientationLandscapeRight";
				LD_RUNPATH_SEARCH_PATHS = (
					"$(inherited)",
					"@executable_path/Frameworks",
				);
				MARKETING_VERSION = 1.0;
				PRODUCT_BUNDLE_IDENTIFIER = deletech.co.ke.LinkedInClone;
				PRODUCT_NAME = "$(TARGET_NAME)";
				SWIFT_EMIT_LOC_STRINGS = YES;
				SWIFT_VERSION = 5.0;
				TARGETED_DEVICE_FAMILY = "1,2";
			};
			name = Debug;
		};
		52759FE92BE7795A00E42208 /* Release */ = {
			isa = XCBuildConfiguration;
			buildSettings = {
				ASSETCATALOG_COMPILER_APPICON_NAME = AppIcon;
				ASSETCATALOG_COMPILER_GLOBAL_ACCENT_COLOR_NAME = AccentColor;
				CODE_SIGN_STYLE = Automatic;
				CURRENT_PROJECT_VERSION = 1;
				DEVELOPMENT_ASSET_PATHS = "\"LinkedInClone/Preview Content\"";
				DEVELOPMENT_TEAM = 38U43S9P8Q;
				ENABLE_PREVIEWS = YES;
				GENERATE_INFOPLIST_FILE = YES;
				INFOPLIST_KEY_UIApplicationSceneManifest_Generation = YES;
				INFOPLIST_KEY_UIApplicationSupportsIndirectInputEvents = YES;
				INFOPLIST_KEY_UILaunchScreen_Generation = YES;
				INFOPLIST_KEY_UISupportedInterfaceOrientations_iPad = "UIInterfaceOrientationPortrait UIInterfaceOrientationPortraitUpsideDown UIInterfaceOrientationLandscapeLeft UIInterfaceOrientationLandscapeRight";
				INFOPLIST_KEY_UISupportedInterfaceOrientations_iPhone = "UIInterfaceOrientationPortrait UIInterfaceOrientationLandscapeLeft UIInterfaceOrientationLandscapeRight";
				LD_RUNPATH_SEARCH_PATHS = (
					"$(inherited)",
					"@executable_path/Frameworks",
				);
				MARKETING_VERSION = 1.0;
				PRODUCT_BUNDLE_IDENTIFIER = deletech.co.ke.LinkedInClone;
				PRODUCT_NAME = "$(TARGET_NAME)";
				SWIFT_EMIT_LOC_STRINGS = YES;
				SWIFT_VERSION = 5.0;
				TARGETED_DEVICE_FAMILY = "1,2";
			};
			name = Release;
		};
/* End XCBuildConfiguration section */

/* Begin XCConfigurationList section */
		52759FD42BE7795900E42208 /* Build configuration list for PBXProject "LinkedInClone" */ = {
			isa = XCConfigurationList;
			buildConfigurations = (
				52759FE52BE7795A00E42208 /* Debug */,
				52759FE62BE7795A00E42208 /* Release */,
			);
			defaultConfigurationIsVisible = 0;
			defaultConfigurationName = Release;
		};
		52759FE72BE7795A00E42208 /* Build configuration list for PBXNativeTarget "LinkedInClone" */ = {
			isa = XCConfigurationList;
			buildConfigurations = (
				52759FE82BE7795A00E42208 /* Debug */,
				52759FE92BE7795A00E42208 /* Release */,
			);
			defaultConfigurationIsVisible = 0;
			defaultConfigurationName = Release;
		};
/* End XCConfigurationList section */
	};
	rootObject = 52759FD12BE7795900E42208 /* Project object */;
}
